
Microsoft Visual Studio Solution File, Format Version 12.00
# Visual Studio Version 17
VisualStudioVersion = 17.7.34202.233
MinimumVisualStudioVersion = 10.0.40219.1
Project("{FAE04EC0-301F-11D3-BF4B-00C04F79EFBC}") = "A2-4 Arithmetic", "A2-4 Arithmetic\A2-4 Arithmetic.csproj", "{44E384CC-6C66-4EFE-A6DF-82FF0F2F7AE6}"
EndProject
Global
	GlobalSection(SolutionConfigurationPlatforms) = preSolution
		Debug|Any CPU = Debug|Any CPU
		Release|Any CPU = Release|Any CPU
	EndGlobalSection
	GlobalSection(ProjectConfigurationPlatforms) = postSolution
		{44E384CC-6C66-4EFE-A6DF-82FF0F2F7AE6}.Debug|Any CPU.ActiveCfg = Debug|Any CPU
		{44E384CC-6C66-4EFE-A6DF-82FF0F2F7AE6}.Debug|Any CPU.Build.0 = Debug|Any CPU
		{44E384CC-6C66-4EFE-A6DF-82FF0F2F7AE6}.Release|Any CPU.ActiveCfg = Release|Any CPU
		{44E384CC-6C66-4EFE-A6DF-82FF0F2F7AE6}.Release|Any CPU.Build.0 = Release|Any CPU
	EndGlobalSection
	GlobalSection(SolutionProperties) = preSolution
		HideSolutionNode = FALSE
	EndGlobalSection
	GlobalSection(ExtensibilityGlobals) = postSolution
		SolutionGuid = {8F368048-5607-4FFA-BD38-4B6D1C22A098}
	EndGlobalSection
EndGlobal
